<?xml version="1.0" encoding="utf-8"?>
<Project ToolsVersion="4.0" xmlns="http://schemas.microsoft.com/developer/msbuild/2003">
  <ItemGroup>
    <Filter Include="Src">
      <UniqueIdentifier>{48e5be27-a5df-4102-a17a-a6eb218370cd}</UniqueIdentifier>
    </Filter>
    <Filter Include="Inc">
      <UniqueIdentifier>{fe8e71ed-af5e-4972-8726-3fa5ffdfaf99}</UniqueIdentifier>
    </Filter>
  </ItemGroup>
  <ItemGroup>
    <ClCompile Include="Src\main.c">
      <Filter>Src</Filter>
    </ClCompile>
    <ClCompile Include="Src\grid.c">
      <Filter>Src</Filter>
    </ClCompile>
    <ClCompile Include="Src\controls.c">
      <Filter>Src</Filter>
    </ClCompile>
    <ClCompile Include="Src\utils.c">
      <Filter>Src</Filter>
    </ClCompile>
    <ClCompile Include="Src\vectors.c">
      <Filter>Src</Filter>
    </ClCompile>
  </ItemGroup>
  <ItemGroup>
    <ClInclude Include="Inc\grid.h">
      <Filter>Inc</Filter>
    </ClInclude>
    <ClInclude Include="Inc\controls.h">
      <Filter>Inc</Filter>
    </ClInclude>
    <ClInclude Include="Inc\utils.h">
      <Filter>Inc</Filter>
    </ClInclude>
    <ClInclude Include="Inc\vectors.h">
      <Filter>Inc</Filter>
    </ClInclude>
  </ItemGroup>
</Project>